// !$*UTF8*$!
{
	archiveVersion = 1;
	classes = {
	};
	objectVersion = 56;
	objects = {

/* Begin PBXBuildFile section */
		084BAC242A7E17760030C982 /* AppDelegate.m in Sources */ = {isa = PBXBuildFile; fileRef = 084BAC232A7E17760030C982 /* AppDelegate.m */; };
		084BAC2A2A7E17760030C982 /* ViewController.m in Sources */ = {isa = PBXBuildFile; fileRef = 084BAC292A7E17760030C982 /* ViewController.m */; };
		084BAC2D2A7E17760030C982 /* Main.storyboard in Resources */ = {isa = PBXBuildFile; fileRef = 084BAC2B2A7E17760030C982 /* Main.storyboard */; };
		084BAC2F2A7E17780030C982 /* Assets.xcassets in Resources */ = {isa = PBXBuildFile; fileRef = 084BAC2E2A7E17780030C982 /* Assets.xcassets */; };
		084BAC352A7E17780030C982 /* main.m in Sources */ = {isa = PBXBuildFile; fileRef = 084BAC342A7E17780030C982 /* main.m */; };
		084BAC3C2A7E18190030C982 /* LaunchScreen.storyboard in Resources */ = {isa = PBXBuildFile; fileRef = 084BAC3B2A7E18190030C982 /* LaunchScreen.storyboard */; };
		084BAC3F2A7E19340030C982 /* CallViewController.m in Sources */ = {isa = PBXBuildFile; fileRef = 084BAC3E2A7E19340030C982 /* CallViewController.m */; };
		084BAC422A7E1F6E0030C982 /* AudioIconViewController.m in Sources */ = {isa = PBXBuildFile; fileRef = 084BAC412A7E1F6E0030C982 /* AudioIconViewController.m */; };
/* End PBXBuildFile section */

/* Begin PBXFileReference section */
		084BAC1F2A7E17760030C982 /* MultiWindow.app */ = {isa = PBXFileReference; explicitFileType = wrapper.application; includeInIndex = 0; path = MultiWindow.app; sourceTree = BUILT_PRODUCTS_DIR; };
		084BAC222A7E17760030C982 /* AppDelegate.h */ = {isa = PBXFileReference; lastKnownFileType = sourcecode.c.h; path = AppDelegate.h; sourceTree = "<group>"; };
		084BAC232A7E17760030C982 /* AppDelegate.m */ = {isa = PBXFileReference; lastKnownFileType = sourcecode.c.objc; path = AppDelegate.m; sourceTree = "<group>"; };
		084BAC282A7E17760030C982 /* ViewController.h */ = {isa = PBXFileReference; lastKnownFileType = sourcecode.c.h; path = ViewController.h; sourceTree = "<group>"; };
		084BAC292A7E17760030C982 /* ViewController.m */ = {isa = PBXFileReference; lastKnownFileType = sourcecode.c.objc; path = ViewController.m; sourceTree = "<group>"; };
		084BAC2C2A7E17760030C982 /* Base */ = {isa = PBXFileReference; lastKnownFileType = file.storyboard; name = Base; path = Base.lproj/Main.storyboard; sourceTree = "<group>"; };
		084BAC2E2A7E17780030C982 /* Assets.xcassets */ = {isa = PBXFileReference; lastKnownFileType = folder.assetcatalog; path = Assets.xcassets; sourceTree = "<group>"; };
		084BAC332A7E17780030C982 /* Info.plist */ = {isa = PBXFileReference; lastKnownFileType = text.plist.xml; path = Info.plist; sourceTree = "<group>"; };
		084BAC342A7E17780030C982 /* main.m */ = {isa = PBXFileReference; lastKnownFileType = sourcecode.c.objc; path = main.m; sourceTree = "<group>"; };
		084BAC3B2A7E18190030C982 /* LaunchScreen.storyboard */ = {isa = PBXFileReference; lastKnownFileType = file.storyboard; path = LaunchScreen.storyboard; sourceTree = "<group>"; };
		084BAC3D2A7E19340030C982 /* CallViewController.h */ = {isa = PBXFileReference; lastKnownFileType = sourcecode.c.h; path = CallViewController.h; sourceTree = "<group>"; };
		084BAC3E2A7E19340030C982 /* CallViewController.m */ = {isa = PBXFileReference; lastKnownFileType = sourcecode.c.objc; path = CallViewController.m; sourceTree = "<group>"; };
		084BAC402A7E1F6E0030C982 /* AudioIconViewController.h */ = {isa = PBXFileReference; lastKnownFileType = sourcecode.c.h; path = AudioIconViewController.h; sourceTree = "<group>"; };
		084BAC412A7E1F6E0030C982 /* AudioIconViewController.m */ = {isa = PBXFileReference; lastKnownFileType = sourcecode.c.objc; path = AudioIconViewController.m; sourceTree = "<group>"; };
/* End PBXFileReference section */

/* Begin PBXFrameworksBuildPhase section */
		084BAC1C2A7E17760030C982 /* Frameworks */ = {
			isa = PBXFrameworksBuildPhase;
			buildActionMask = 2147483647;
			files = (
			);
			runOnlyForDeploymentPostprocessing = 0;
		};
/* End PBXFrameworksBuildPhase section */

/* Begin PBXGroup section */
		084BAC162A7E17750030C982 = {
			isa = PBXGroup;
			children = (
				084BAC212A7E17760030C982 /* MultiWindow */,
				084BAC202A7E17760030C982 /* Products */,
			);
			sourceTree = "<group>";
		};
		084BAC202A7E17760030C982 /* Products */ = {
			isa = PBXGroup;
			children = (
				084BAC1F2A7E17760030C982 /* MultiWindow.app */,
			);
			name = Products;
			sourceTree = "<group>";
		};
		084BAC212A7E17760030C982 /* MultiWindow */ = {
			isa = PBXGroup;
			children = (
				084BAC222A7E17760030C982 /* AppDelegate.h */,
				084BAC232A7E17760030C982 /* AppDelegate.m */,
				084BAC282A7E17760030C982 /* ViewController.h */,
				084BAC292A7E17760030C982 /* ViewController.m */,
				084BAC2B2A7E17760030C982 /* Main.storyboard */,
				084BAC402A7E1F6E0030C982 /* AudioIconViewController.h */,
				084BAC412A7E1F6E0030C982 /* AudioIconViewController.m */,
				084BAC3D2A7E19340030C982 /* CallViewController.h */,
				084BAC3E2A7E19340030C982 /* CallViewController.m */,
				084BAC2E2A7E17780030C982 /* Assets.xcassets */,
				084BAC332A7E17780030C982 /* Info.plist */,
				084BAC342A7E17780030C982 /* main.m */,
				084BAC3B2A7E18190030C982 /* LaunchScreen.storyboard */,
			);
			path = MultiWindow;
			sourceTree = "<group>";
		};
/* End PBXGroup section */

/* Begin PBXNativeTarget section */
		084BAC1E2A7E17760030C982 /* MultiWindow */ = {
			isa = PBXNativeTarget;
			buildConfigurationList = 084BAC382A7E17780030C982 /* Build configuration list for PBXNativeTarget "MultiWindow" */;
			buildPhases = (
				084BAC1B2A7E17760030C982 /* Sources */,
				084BAC1C2A7E17760030C982 /* Frameworks */,
				084BAC1D2A7E17760030C982 /* Resources */,
			);
			buildRules = (
			);
			dependencies = (
			);
			name = MultiWindow;
			productName = MultiWindow;
			productReference = 084BAC1F2A7E17760030C982 /* MultiWindow.app */;
			productType = "com.apple.product-type.application";
		};
/* End PBXNativeTarget section */

/* Begin PBXProject section */
		084BAC172A7E17750030C982 /* Project object */ = {
			isa = PBXProject;
			attributes = {
				BuildIndependentTargetsInParallel = 1;
				LastUpgradeCheck = 1430;
				TargetAttributes = {
					084BAC1E2A7E17760030C982 = {
						CreatedOnToolsVersion = 14.3.1;
					};
				};
			};
			buildConfigurationList = 084BAC1A2A7E17750030C982 /* Build configuration list for PBXProject "MultiWindow" */;
			compatibilityVersion = "Xcode 14.0";
			developmentRegion = en;
			hasScannedForEncodings = 0;
			knownRegions = (
				en,
				Base,
			);
			mainGroup = 084BAC162A7E17750030C982;
			productRefGroup = 084BAC202A7E17760030C982 /* Products */;
			projectDirPath = "";
			projectRoot = "";
			targets = (
				084BAC1E2A7E17760030C982 /* MultiWindow */,
			);
		};
/* End PBXProject section */

/* Begin PBXResourcesBuildPhase section */
		084BAC1D2A7E17760030C982 /* Resources */ = {
			isa = PBXResourcesBuildPhase;
			buildActionMask = 2147483647;
			files = (
				084BAC3C2A7E18190030C982 /* LaunchScreen.storyboard in Resources */,
				084BAC2F2A7E17780030C982 /* Assets.xcassets in Resources */,
				084BAC2D2A7E17760030C982 /* Main.storyboard in Resources */,
			);
			runOnlyForDeploymentPostprocessing = 0;
		};
/* End PBXResourcesBuildPhase section */

/* Begin PBXSourcesBuildPhase section */
		084BAC1B2A7E17760030C982 /* Sources */ = {
			isa = PBXSourcesBuildPhase;
			buildActionMask = 2147483647;
			files = (
				084BAC422A7E1F6E0030C982 /* AudioIconViewController.m in Sources */,
				084BAC3F2A7E19340030C982 /* CallViewController.m in Sources */,
				084BAC2A2A7E17760030C982 /* ViewController.m in Sources */,
				084BAC242A7E17760030C982 /* AppDelegate.m in Sources */,
				084BAC352A7E17780030C982 /* main.m in Sources */,
			);
			runOnlyForDeploymentPostprocessing = 0;
		};
/* End PBXSourcesBuildPhase section */

/* Begin PBXVariantGroup section */
		084BAC2B2A7E17760030C982 /* Main.storyboard */ = {
			isa = PBXVariantGroup;
			children = (
				084BAC2C2A7E17760030C982 /* Base */,
			);
			name = Main.storyboard;
			sourceTree = "<group>";
		};
/* End PBXVariantGroup section */

/* Begin XCBuildConfiguration section */
		084BAC362A7E17780030C982 /* Debug */ = {
			isa = XCBuildConfiguration;
			buildSettings = {
				ALWAYS_SEARCH_USER_PATHS = NO;
				CLANG_ANALYZER_NONNULL = YES;
				CLANG_ANALYZER_NUMBER_OBJECT_CONVERSION = YES_AGGRESSIVE;
				CLANG_CXX_LANGUAGE_STANDARD = "gnu++20";
				CLANG_ENABLE_MODULES = YES;
				CLANG_ENABLE_OBJC_ARC = YES;
				CLANG_ENABLE_OBJC_WEAK = YES;
				CLANG_WARN_BLOCK_CAPTURE_AUTORELEASING = YES;
				CLANG_WARN_BOOL_CONVERSION = YES;
				CLANG_WARN_COMMA = YES;
				CLANG_WARN_CONSTANT_CONVERSION = YES;
				CLANG_WARN_DEPRECATED_OBJC_IMPLEMENTATIONS = YES;
				CLANG_WARN_DIRECT_OBJC_ISA_USAGE = YES_ERROR;
				CLANG_WARN_DOCUMENTATION_COMMENTS = YES;
				CLANG_WARN_EMPTY_BODY = YES;
				CLANG_WARN_ENUM_CONVERSION = YES;
				CLANG_WARN_INFINITE_RECURSION = YES;
				CLANG_WARN_INT_CONVERSION = YES;
				CLANG_WARN_NON_LITERAL_NULL_CONVERSION = YES;
				CLANG_WARN_OBJC_IMPLICIT_RETAIN_SELF = YES;
				CLANG_WARN_OBJC_LITERAL_CONVERSION = YES;
				CLANG_WARN_OBJC_ROOT_CLASS = YES_ERROR;
				CLANG_WARN_QUOTED_INCLUDE_IN_FRAMEWORK_HEADER = YES;
				CLANG_WARN_RANGE_LOOP_ANALYSIS = YES;
				CLANG_WARN_STRICT_PROTOTYPES = YES;
				CLANG_WARN_SUSPICIOUS_MOVE = YES;
				CLANG_WARN_UNGUARDED_AVAILABILITY = YES_AGGRESSIVE;
				CLANG_WARN_UNREACHABLE_CODE = YES;
				CLANG_WARN__DUPLICATE_METHOD_MATCH = YES;
				COPY_PHASE_STRIP = NO;
				DEBUG_INFORMATION_FORMAT = dwarf;
				ENABLE_STRICT_OBJC_MSGSEND = YES;
				ENABLE_TESTABILITY = YES;
				GCC_C_LANGUAGE_STANDARD = gnu11;
				GCC_DYNAMIC_NO_PIC = NO;
				GCC_NO_COMMON_BLOCKS = YES;
				GCC_OPTIMIZATION_LEVEL = 0;
				GCC_PREPROCESSOR_DEFINITIONS = (
					"DEBUG=1",
					"$(inherited)",
				);
				GCC_WARN_64_TO_32_BIT_CONVERSION = YES;
				GCC_WARN_ABOUT_RETURN_TYPE = YES_ERROR;
				GCC_WARN_UNDECLARED_SELECTOR = YES;
				GCC_WARN_UNINITIALIZED_AUTOS = YES_AGGRESSIVE;
				GCC_WARN_UNUSED_FUNCTION = YES;
				GCC_WARN_UNUSED_VARIABLE = YES;
				IPHONEOS_DEPLOYMENT_TARGET = 16.4;
				MTL_ENABLE_DEBUG_INFO = INCLUDE_SOURCE;
				MTL_FAST_MATH = YES;
				ONLY_ACTIVE_ARCH = YES;
				SDKROOT = iphoneos;
			};
			name = Debug;
		};
		084BAC372A7E17780030C982 /* Release */ = {
			isa = XCBuildConfiguration;
			buildSettings = {
				ALWAYS_SEARCH_USER_PATHS = NO;
				CLANG_ANALYZER_NONNULL = YES;
				CLANG_ANALYZER_NUMBER_OBJECT_CONVERSION = YES_AGGRESSIVE;
				CLANG_CXX_LANGUAGE_STANDARD = "gnu++20";
				CLANG_ENABLE_MODULES = YES;
				CLANG_ENABLE_OBJC_ARC = YES;
				CLANG_ENABLE_OBJC_WEAK = YES;
				CLANG_WARN_BLOCK_CAPTURE_AUTORELEASING = YES;
				CLANG_WARN_BOOL_CONVERSION = YES;
				CLANG_WARN_COMMA = YES;
				CLANG_WARN_CONSTANT_CONVERSION = YES;
				CLANG_WARN_DEPRECATED_OBJC_IMPLEMENTATIONS = YES;
				CLANG_WARN_DIRECT_OBJC_ISA_USAGE = YES_ERROR;
				CLANG_WARN_DOCUMENTATION_COMMENTS = YES;
				CLANG_WARN_EMPTY_BODY = YES;
				CLANG_WARN_ENUM_CONVERSION = YES;
				CLANG_WARN_INFINITE_RECURSION = YES;
				CLANG_WARN_INT_CONVERSION = YES;
				CLANG_WARN_NON_LITERAL_NULL_CONVERSION = YES;
				CLANG_WARN_OBJC_IMPLICIT_RETAIN_SELF = YES;
				CLANG_WARN_OBJC_LITERAL_CONVERSION = YES;
				CLANG_WARN_OBJC_ROOT_CLASS = YES_ERROR;
				CLANG_WARN_QUOTED_INCLUDE_IN_FRAMEWORK_HEADER = YES;
				CLANG_WARN_RANGE_LOOP_ANALYSIS = YES;
				CLANG_WARN_STRICT_PROTOTYPES = YES;
				CLANG_WARN_SUSPICIOUS_MOVE = YES;
				CLANG_WARN_UNGUARDED_AVAILABILITY = YES_AGGRESSIVE;
				CLANG_WARN_UNREACHABLE_CODE = YES;
				CLANG_WARN__DUPLICATE_METHOD_MATCH = YES;
				COPY_PHASE_STRIP = NO;
				DEBUG_INFORMATION_FORMAT = "dwarf-with-dsym";
				ENABLE_NS_ASSERTIONS = NO;
				ENABLE_STRICT_OBJC_MSGSEND = YES;
				GCC_C_LANGUAGE_STANDARD = gnu11;
				GCC_NO_COMMON_BLOCKS = YES;
				GCC_WARN_64_TO_32_BIT_CONVERSION = YES;
				GCC_WARN_ABOUT_RETURN_TYPE = YES_ERROR;
				GCC_WARN_UNDECLARED_SELECTOR = YES;
				GCC_WARN_UNINITIALIZED_AUTOS = YES_AGGRESSIVE;
				GCC_WARN_UNUSED_FUNCTION = YES;
				GCC_WARN_UNUSED_VARIABLE = YES;
				IPHONEOS_DEPLOYMENT_TARGET = 16.4;
				MTL_ENABLE_DEBUG_INFO = NO;
				MTL_FAST_MATH = YES;
				SDKROOT = iphoneos;
				VALIDATE_PRODUCT = YES;
			};
			name = Release;
		};
		084BAC392A7E17780030C982 /* Debug */ = {
			isa = XCBuildConfiguration;
			buildSettings = {
				ASSETCATALOG_COMPILER_APPICON_NAME = AppIcon;
				ASSETCATALOG_COMPILER_GLOBAL_ACCENT_COLOR_NAME = AccentColor;
				CODE_SIGN_STYLE = Automatic;
				CURRENT_PROJECT_VERSION = 1;
				DEVELOPMENT_TEAM = FYLV37LFT2;
				GENERATE_INFOPLIST_FILE = YES;
				INFOPLIST_FILE = MultiWindow/Info.plist;
				INFOPLIST_KEY_UIApplicationSupportsIndirectInputEvents = YES;
				INFOPLIST_KEY_UILaunchStoryboardName = LaunchScreen.storyboard;
				INFOPLIST_KEY_UIMainStoryboardFile = Main;
				INFOPLIST_KEY_UISupportedInterfaceOrientations_iPad = "UIInterfaceOrientationPortrait UIInterfaceOrientationPortraitUpsideDown UIInterfaceOrientationLandscapeLeft UIInterfaceOrientationLandscapeRight";
				INFOPLIST_KEY_UISupportedInterfaceOrientations_iPhone = "UIInterfaceOrientationPortrait UIInterfaceOrientationLandscapeLeft UIInterfaceOrientationLandscapeRight";
				IPHONEOS_DEPLOYMENT_TARGET = 11.0;
				LD_RUNPATH_SEARCH_PATHS = (
					"$(inherited)",
					"@executable_path/Frameworks",
				);
				MARKETING_VERSION = 1.0;
				PRODUCT_BUNDLE_IDENTIFIER = com.camboss.MultiWindow;
				PRODUCT_NAME = "$(TARGET_NAME)";
				SWIFT_EMIT_LOC_STRINGS = YES;
				TARGETED_DEVICE_FAMILY = "1,2";
			};
			name = Debug;
		};
		084BAC3A2A7E17780030C982 /* Release */ = {
			isa = XCBuildConfiguration;
			buildSettings = {
				ASSETCATALOG_COMPILER_APPICON_NAME = AppIcon;
				ASSETCATALOG_COMPILER_GLOBAL_ACCENT_COLOR_NAME = AccentColor;
				CODE_SIGN_STYLE = Automatic;
				CURRENT_PROJECT_VERSION = 1;
				DEVELOPMENT_TEAM = FYLV37LFT2;
				GENERATE_INFOPLIST_FILE = YES;
				INFOPLIST_FILE = MultiWindow/Info.plist;
				INFOPLIST_KEY_UIApplicationSupportsIndirectInputEvents = YES;
				INFOPLIST_KEY_UILaunchStoryboardName = LaunchScreen.storyboard;
				INFOPLIST_KEY_UIMainStoryboardFile = Main;
				INFOPLIST_KEY_UISupportedInterfaceOrientations_iPad = "UIInterfaceOrientationPortrait UIInterfaceOrientationPortraitUpsideDown UIInterfaceOrientationLandscapeLeft UIInterfaceOrientationLandscapeRight";
				INFOPLIST_KEY_UISupportedInterfaceOrientations_iPhone = "UIInterfaceOrientationPortrait UIInterfaceOrientationLandscapeLeft UIInterfaceOrientationLandscapeRight";
				IPHONEOS_DEPLOYMENT_TARGET = 11.0;
				LD_RUNPATH_SEARCH_PATHS = (
					"$(inherited)",
					"@executable_path/Frameworks",
				);
				MARKETING_VERSION = 1.0;
				PRODUCT_BUNDLE_IDENTIFIER = com.camboss.MultiWindow;
				PRODUCT_NAME = "$(TARGET_NAME)";
				SWIFT_EMIT_LOC_STRINGS = YES;
				TARGETED_DEVICE_FAMILY = "1,2";
			};
			name = Release;
		};
/* End XCBuildConfiguration section */

/* Begin XCConfigurationList section */
		084BAC1A2A7E17750030C982 /* Build configuration list for PBXProject "MultiWindow" */ = {
			isa = XCConfigurationList;
			buildConfigurations = (
				084BAC362A7E17780030C982 /* Debug */,
				084BAC372A7E17780030C982 /* Release */,
			);
			defaultConfigurationIsVisible = 0;
			defaultConfigurationName = Release;
		};
		084BAC382A7E17780030C982 /* Build configuration list for PBXNativeTarget "MultiWindow" */ = {
			isa = XCConfigurationList;
			buildConfigurations = (
				084BAC392A7E17780030C982 /* Debug */,
				084BAC3A2A7E17780030C982 /* Release */,
			);
			defaultConfigurationIsVisible = 0;
			defaultConfigurationName = Release;
		};
/* End XCConfigurationList section */
	};
	rootObject = 084BAC172A7E17750030C982 /* Project object */;
}
